
Microsoft Visual Studio Solution File, Format Version 12.00
# Visual Studio Version 17
VisualStudioVersion = 17.11.35017.193
MinimumVisualStudioVersion = 10.0.40219.1
Project("{FAE04EC0-301F-11D3-BF4B-00C04F79EFBC}") = "WebApplication1", "WebApplication1-BindingRedirectNRE\WebApplication1.csproj", "{7EC9158D-105E-4A43-8849-22E41BB2DFF4}"
EndProject
Project("{FAE04EC0-301F-11D3-BF4B-00C04F79EFBC}") = "ClassLibrary1", "ClassLibrary1\ClassLibrary1.csproj", "{03B0A7E3-9D72-4CB6-8B8F-51DC51FD6FED}"
EndProject
Global
	GlobalSection(SolutionConfigurationPlatforms) = preSolution
		Debug|Any CPU = Debug|Any CPU
		Release|Any CPU = Release|Any CPU
	EndGlobalSection
	GlobalSection(ProjectConfigurationPlatforms) = postSolution
		{7EC9158D-105E-4A43-8849-22E41BB2DFF4}.Debug|Any CPU.ActiveCfg = Debug|Any CPU
		{7EC9158D-105E-4A43-8849-22E41BB2DFF4}.Debug|Any CPU.Build.0 = Debug|Any CPU
		{7EC9158D-105E-4A43-8849-22E41BB2DFF4}.Release|Any CPU.ActiveCfg = Release|Any CPU
		{7EC9158D-105E-4A43-8849-22E41BB2DFF4}.Release|Any CPU.Build.0 = Release|Any CPU
		{03B0A7E3-9D72-4CB6-8B8F-51DC51FD6FED}.Debug|Any CPU.ActiveCfg = Debug|Any CPU
		{03B0A7E3-9D72-4CB6-8B8F-51DC51FD6FED}.Debug|Any CPU.Build.0 = Debug|Any CPU
		{03B0A7E3-9D72-4CB6-8B8F-51DC51FD6FED}.Release|Any CPU.ActiveCfg = Release|Any CPU
		{03B0A7E3-9D72-4CB6-8B8F-51DC51FD6FED}.Release|Any CPU.Build.0 = Release|Any CPU
	EndGlobalSection
	GlobalSection(SolutionProperties) = preSolution
		HideSolutionNode = FALSE
	EndGlobalSection
	GlobalSection(ExtensibilityGlobals) = postSolution
		SolutionGuid = {B3435683-6430-4142-AD12-2CF8CBFF7366}
	EndGlobalSection
EndGlobal
